
Microsoft Visual Studio Solution File, Format Version 12.00
# Visual Studio 15
Project("{FAE04EC0-301F-11D3-BF4B-00C04F79EFBC}") = "Homie", "Homie\Homie.csproj", "{53E35E1A-9E97-4B85-8A3F-6E1A7622A6A3}"
EndProject
Global
	GlobalSection(SolutionConfigurationPlatforms) = preSolution
		Debug|Any CPU = Debug|Any CPU
		Release|Any CPU = Release|Any CPU
	EndGlobalSection
	GlobalSection(ProjectConfigurationPlatforms) = postSolution
		{53E35E1A-9E97-4B85-8A3F-6E1A7622A6A3}.Debug|Any CPU.ActiveCfg = Debug|Any CPU
		{53E35E1A-9E97-4B85-8A3F-6E1A7622A6A3}.Debug|Any CPU.Build.0 = Debug|Any CPU
		{53E35E1A-9E97-4B85-8A3F-6E1A7622A6A3}.Release|Any CPU.ActiveCfg = Release|Any CPU
		{53E35E1A-9E97-4B85-8A3F-6E1A7622A6A3}.Release|Any CPU.Build.0 = Release|Any CPU
	EndGlobalSection
EndGlobal
